
Microsoft Visual Studio Solution File, Format Version 12.00
# Visual Studio Version 17
VisualStudioVersion = 17.10.35122.118
MinimumVisualStudioVersion = 10.0.40219.1
Project("{FAE04EC0-301F-11D3-BF4B-00C04F79EFBC}") = "FlowChart3Excel", "FlowChart3Excel\FlowChart3Excel.csproj", "{7DD68512-DDED-4C30-858F-C8AFB6F42C2A}"
EndProject
Global
	GlobalSection(SolutionConfigurationPlatforms) = preSolution
		Debug|Any CPU = Debug|Any CPU
		Release|Any CPU = Release|Any CPU
	EndGlobalSection
	GlobalSection(ProjectConfigurationPlatforms) = postSolution
		{7DD68512-DDED-4C30-858F-C8AFB6F42C2A}.Debug|Any CPU.ActiveCfg = Debug|Any CPU
		{7DD68512-DDED-4C30-858F-C8AFB6F42C2A}.Debug|Any CPU.Build.0 = Debug|Any CPU
		{7DD68512-DDED-4C30-858F-C8AFB6F42C2A}.Release|Any CPU.ActiveCfg = Release|Any CPU
		{7DD68512-DDED-4C30-858F-C8AFB6F42C2A}.Release|Any CPU.Build.0 = Release|Any CPU
	EndGlobalSection
	GlobalSection(SolutionProperties) = preSolution
		HideSolutionNode = FALSE
	EndGlobalSection
	GlobalSection(ExtensibilityGlobals) = postSolution
		SolutionGuid = {B8DF2492-1483-4F84-8253-BFF3850BF358}
	EndGlobalSection
EndGlobal
